
Microsoft Visual Studio Solution File, Format Version 12.00
# Visual Studio Version 17
VisualStudioVersion = 17.0.31903.59
MinimumVisualStudioVersion = 10.0.40219.1
Project("{FAE04EC0-301F-11D3-BF4B-00C04F79EFBC}") = "EnumLookupCore", "EnumLookupCore\EnumLookupCore.csproj", "{C2C5E464-DD2E-4CB3-80E9-3BB17F6AA3D0}"
EndProject
Project("{FAE04EC0-301F-11D3-BF4B-00C04F79EFBC}") = "EnumLookupCore.Benchmarks", "EnumLookupCore.Benchmarks\EnumLookupCore.Benchmarks.csproj", "{67445149-986F-4795-BCCD-E9E9AD06C926}"
EndProject
Project("{2150E333-8FDC-42A3-9474-1A3956D46DE8}") = "Solution Items", "Solution Items", "{A3A4DD48-0FB3-4368-B23A-9521E928856D}"
	ProjectSection(SolutionItems) = preProject
		Directory.Packages.props = Directory.Packages.props
		.editorconfig = .editorconfig
		EnumLookupCore.targets = EnumLookupCore.targets
		.gitignore = .gitignore
		LICENSE = LICENSE
		README.md = README.md
	EndProjectSection
EndProject
Global
	GlobalSection(SolutionConfigurationPlatforms) = preSolution
		Debug|Any CPU = Debug|Any CPU
		Release|Any CPU = Release|Any CPU
	EndGlobalSection
	GlobalSection(SolutionProperties) = preSolution
		HideSolutionNode = FALSE
	EndGlobalSection
	GlobalSection(ProjectConfigurationPlatforms) = postSolution
		{C2C5E464-DD2E-4CB3-80E9-3BB17F6AA3D0}.Debug|Any CPU.ActiveCfg = Debug|Any CPU
		{C2C5E464-DD2E-4CB3-80E9-3BB17F6AA3D0}.Debug|Any CPU.Build.0 = Debug|Any CPU
		{C2C5E464-DD2E-4CB3-80E9-3BB17F6AA3D0}.Release|Any CPU.ActiveCfg = Release|Any CPU
		{C2C5E464-DD2E-4CB3-80E9-3BB17F6AA3D0}.Release|Any CPU.Build.0 = Release|Any CPU
		{67445149-986F-4795-BCCD-E9E9AD06C926}.Debug|Any CPU.ActiveCfg = Debug|Any CPU
		{67445149-986F-4795-BCCD-E9E9AD06C926}.Debug|Any CPU.Build.0 = Debug|Any CPU
		{67445149-986F-4795-BCCD-E9E9AD06C926}.Release|Any CPU.ActiveCfg = Release|Any CPU
		{67445149-986F-4795-BCCD-E9E9AD06C926}.Release|Any CPU.Build.0 = Release|Any CPU
	EndGlobalSection
EndGlobal
